
Microsoft Visual Studio Solution File, Format Version 11.00
# Visual Studio 2010
Project("{FAE04EC0-301F-11D3-BF4B-00C04F79EFBC}") = "Unity.Timeline", "Unity.Timeline.csproj", "{01ae4245-d205-ebf1-4dfe-a328e69a0ddc}"
EndProject
Project("{FAE04EC0-301F-11D3-BF4B-00C04F79EFBC}") = "Unity.RenderPipelines.GPUDriven.Runtime", "Unity.RenderPipelines.GPUDriven.Runtime.csproj", "{d82cd162-a2fe-3507-95af-6e32932acac5}"
EndProject
Project("{FAE04EC0-301F-11D3-BF4B-00C04F79EFBC}") = "Unity.ShaderGraph.Editor", "Unity.ShaderGraph.Editor.csproj", "{05f2a6d9-3b30-ffd1-884d-1c94fd403b3e}"
EndProject
Project("{FAE04EC0-301F-11D3-BF4B-00C04F79EFBC}") = "Unity.RenderPipelines.Core.Runtime", "Unity.RenderPipelines.Core.Runtime.csproj", "{b320636b-1017-8898-813c-bf72d87fb986}"
EndProject
Project("{FAE04EC0-301F-11D3-BF4B-00C04F79EFBC}") = "Unity.ScriptableBuildPipeline.Editor", "Unity.ScriptableBuildPipeline.Editor.csproj", "{b7ba3253-eb22-e439-9a59-228234aaf2ae}"
EndProject
Project("{FAE04EC0-301F-11D3-BF4B-00C04F79EFBC}") = "Unity.Mathematics", "Unity.Mathematics.csproj", "{c620d840-0e58-c6d7-c5b0-e21e0f2eb07e}"
EndProject
Project("{FAE04EC0-301F-11D3-BF4B-00C04F79EFBC}") = "Unity.Timeline.Editor", "Unity.Timeline.Editor.csproj", "{3ffc1559-776e-9341-8b3d-443bbb8717b0}"
EndProject
Project("{FAE04EC0-301F-11D3-BF4B-00C04F79EFBC}") = "Unity.RenderPipelines.Core.Editor", "Unity.RenderPipelines.Core.Editor.csproj", "{9a06f770-a0b7-4343-6f55-9b695fd7c118}"
EndProject
Project("{FAE04EC0-301F-11D3-BF4B-00C04F79EFBC}") = "Unity.Collections", "Unity.Collections.csproj", "{5ff7fed5-7355-19a1-c61f-a4179fccde25}"
EndProject
Project("{FAE04EC0-301F-11D3-BF4B-00C04F79EFBC}") = "UnityEngine.UI", "UnityEngine.UI.csproj", "{d60743d0-64a2-da82-da61-003196db8069}"
EndProject
Project("{FAE04EC0-301F-11D3-BF4B-00C04F79EFBC}") = "Unity.RenderPipelines.Universal.2D.Runtime", "Unity.RenderPipelines.Universal.2D.Runtime.csproj", "{af8d296c-d8d6-3530-dec1-d14cc1eb7764}"
EndProject
Project("{FAE04EC0-301F-11D3-BF4B-00C04F79EFBC}") = "Unity.Entities.UI.Editor", "Unity.Entities.UI.Editor.csproj", "{b9fda558-63a3-1d7d-dc79-2d1910fc9f42}"
EndProject
Project("{FAE04EC0-301F-11D3-BF4B-00C04F79EFBC}") = "Unity.VisualScripting.Core.Editor", "Unity.VisualScripting.Core.Editor.csproj", "{921c67ae-ac68-fe62-3159-ffe766314a06}"
EndProject
Project("{FAE04EC0-301F-11D3-BF4B-00C04F79EFBC}") = "Unity.RenderPipelines.Universal.Editor", "Unity.RenderPipelines.Universal.Editor.csproj", "{32ddc53f-1865-0ecf-46d9-e935489e0e9f}"
EndProject
Project("{FAE04EC0-301F-11D3-BF4B-00C04F79EFBC}") = "Unity.PerformanceTesting.Editor", "Unity.PerformanceTesting.Editor.csproj", "{c76c4cbd-5328-e67c-4c4b-c2e2c28b9c85}"
EndProject
Project("{FAE04EC0-301F-11D3-BF4B-00C04F79EFBC}") = "UnityEngine.TestRunner", "UnityEngine.TestRunner.csproj", "{178e766a-8168-c584-0092-9c11be3b1449}"
EndProject
Project("{FAE04EC0-301F-11D3-BF4B-00C04F79EFBC}") = "Unity.Burst", "Unity.Burst.csproj", "{71f44ece-62d9-0414-b2eb-772e8d6aef06}"
EndProject
Project("{FAE04EC0-301F-11D3-BF4B-00C04F79EFBC}") = "Unity.VisualScripting.Flow.Editor", "Unity.VisualScripting.Flow.Editor.csproj", "{eebeeddf-78b1-8a68-b51d-0b51175a7c75}"
EndProject
Project("{FAE04EC0-301F-11D3-BF4B-00C04F79EFBC}") = "Unity.VisualStudio.Editor", "Unity.VisualStudio.Editor.csproj", "{aa005b74-ef80-fcca-1a4d-cda382c6c3e7}"
EndProject
Project("{FAE04EC0-301F-11D3-BF4B-00C04F79EFBC}") = "Unity.InputSystem", "Unity.InputSystem.csproj", "{cf4ee449-b631-cc38-c879-d82d72abd7c8}"
EndProject
Project("{FAE04EC0-301F-11D3-BF4B-00C04F79EFBC}") = "PPv2URPConverters", "PPv2URPConverters.csproj", "{25c7e0b2-5aa7-2409-edcc-943ea6392267}"
EndProject
Project("{FAE04EC0-301F-11D3-BF4B-00C04F79EFBC}") = "Unity.Entities", "Unity.Entities.csproj", "{cf3d32f1-bb2f-7f72-efb7-b0f6fbda52ae}"
EndProject
Project("{FAE04EC0-301F-11D3-BF4B-00C04F79EFBC}") = "Unity.Scenes", "Unity.Scenes.csproj", "{fc556da2-99b2-2370-3ab0-a8c5f4316e91}"
EndProject
Project("{FAE04EC0-301F-11D3-BF4B-00C04F79EFBC}") = "Unity.Entities.Editor", "Unity.Entities.Editor.csproj", "{b43f3ae3-c28a-dcdb-ccf9-dad8682b5ca3}"
EndProject
Project("{FAE04EC0-301F-11D3-BF4B-00C04F79EFBC}") = "Unity.Searcher.Editor", "Unity.Searcher.Editor.csproj", "{53e184b7-011f-46e0-f7f2-c2cc283c6f5a}"
EndProject
Project("{FAE04EC0-301F-11D3-BF4B-00C04F79EFBC}") = "Unity.InternalAPIEngineBridge.002", "Unity.InternalAPIEngineBridge.002.csproj", "{9ac9b5e4-8077-212f-b27b-8b444e8fcd57}"
EndProject
Project("{FAE04EC0-301F-11D3-BF4B-00C04F79EFBC}") = "UnityEditor.TestRunner", "UnityEditor.TestRunner.csproj", "{2b743b91-9b68-7ee3-aba0-c9c69ec9d379}"
EndProject
Project("{FAE04EC0-301F-11D3-BF4B-00C04F79EFBC}") = "Unity.VisualScripting.Core", "Unity.VisualScripting.Core.csproj", "{4550955e-751a-8d5a-d55a-1b8e6af7e6ee}"
EndProject
Project("{FAE04EC0-301F-11D3-BF4B-00C04F79EFBC}") = "Unity.RenderPipelines.Universal.Runtime", "Unity.RenderPipelines.Universal.Runtime.csproj", "{0f14b410-d370-0964-cace-85a55e1d3ee0}"
EndProject
Project("{FAE04EC0-301F-11D3-BF4B-00C04F79EFBC}") = "Unity.AI.Navigation.Editor.ConversionSystem", "Unity.AI.Navigation.Editor.ConversionSystem.csproj", "{dbfe8d86-9d7d-43a1-80c9-f32d9b3101ee}"
EndProject
Project("{FAE04EC0-301F-11D3-BF4B-00C04F79EFBC}") = "Unity.VisualScripting.State.Editor", "Unity.VisualScripting.State.Editor.csproj", "{3cf57682-cf3e-3a89-f432-c75beba7e7aa}"
EndProject
Project("{FAE04EC0-301F-11D3-BF4B-00C04F79EFBC}") = "Unity.Burst.CodeGen", "Unity.Burst.CodeGen.csproj", "{dffcc463-af57-2f8f-7b2b-1da9640b5c27}"
EndProject
Project("{FAE04EC0-301F-11D3-BF4B-00C04F79EFBC}") = "Unity.VisualScripting.Flow", "Unity.VisualScripting.Flow.csproj", "{7e31bac1-b37f-878d-6b44-a9b0f57ba443}"
EndProject
Project("{FAE04EC0-301F-11D3-BF4B-00C04F79EFBC}") = "Unity.Rendering.LightTransport.Runtime", "Unity.Rendering.LightTransport.Runtime.csproj", "{eb2b619d-0e8d-ad97-e922-1f34cccf1679}"
EndProject
Project("{FAE04EC0-301F-11D3-BF4B-00C04F79EFBC}") = "Unity.Entities.Hybrid", "Unity.Entities.Hybrid.csproj", "{1d3d216c-c853-0347-9803-909bcd6358a8}"
EndProject
Project("{FAE04EC0-301F-11D3-BF4B-00C04F79EFBC}") = "Unity.PerformanceTesting", "Unity.PerformanceTesting.csproj", "{85597ddb-2cd3-aef2-b917-49b28e770ee9}"
EndProject
Project("{FAE04EC0-301F-11D3-BF4B-00C04F79EFBC}") = "Unity.Scenes.Editor", "Unity.Scenes.Editor.csproj", "{59f6be66-2584-64c2-6db6-95fb7a44f431}"
EndProject
Project("{FAE04EC0-301F-11D3-BF4B-00C04F79EFBC}") = "Unity.TextMeshPro", "Unity.TextMeshPro.csproj", "{fbd93769-cd8f-f6c0-be4f-4a48c1459cbd}"
EndProject
Project("{FAE04EC0-301F-11D3-BF4B-00C04F79EFBC}") = "Unity.TextMeshPro.Editor", "Unity.TextMeshPro.Editor.csproj", "{bfdee384-55a9-74da-de13-c4861fee2c61}"
EndProject
Project("{FAE04EC0-301F-11D3-BF4B-00C04F79EFBC}") = "Unity.Serialization", "Unity.Serialization.csproj", "{60edddd7-3ce8-60a8-9bc7-d2ff0ef30070}"
EndProject
Project("{FAE04EC0-301F-11D3-BF4B-00C04F79EFBC}") = "Unity.Burst.Editor", "Unity.Burst.Editor.csproj", "{6ff26565-3a1f-9eb7-ee8c-c5e39d889b08}"
EndProject
Project("{FAE04EC0-301F-11D3-BF4B-00C04F79EFBC}") = "Unity.Rider.Editor", "Unity.Rider.Editor.csproj", "{6ff9474e-248a-f29f-8ba6-c1c20e23b7e4}"
EndProject
Project("{FAE04EC0-301F-11D3-BF4B-00C04F79EFBC}") = "Unity.VisualScripting.State", "Unity.VisualScripting.State.csproj", "{fdbfe069-d12d-e3c2-c246-661ece283469}"
EndProject
Project("{FAE04EC0-301F-11D3-BF4B-00C04F79EFBC}") = "Unity.InternalAPIEditorBridge.002", "Unity.InternalAPIEditorBridge.002.csproj", "{529540ba-94d8-163e-5722-42dbabe64e1e}"
EndProject
Project("{FAE04EC0-301F-11D3-BF4B-00C04F79EFBC}") = "Unity.AI.Navigation.Updater", "Unity.AI.Navigation.Updater.csproj", "{be297d32-e751-aee4-40da-6c5efb682b59}"
EndProject
Project("{FAE04EC0-301F-11D3-BF4B-00C04F79EFBC}") = "Unity.Entities.CodeGen", "Unity.Entities.CodeGen.csproj", "{e63a24f9-cbf7-602a-b814-621c271f1820}"
EndProject
Project("{FAE04EC0-301F-11D3-BF4B-00C04F79EFBC}") = "Unity.Performance.Profile-Analyzer.Editor", "Unity.Performance.Profile-Analyzer.Editor.csproj", "{c46fccce-e176-22fb-f8db-601499f3a27a}"
EndProject
Project("{FAE04EC0-301F-11D3-BF4B-00C04F79EFBC}") = "UnityEditor.UI", "UnityEditor.UI.csproj", "{f1d9886d-be9c-ee22-62f1-ab7d8769dc30}"
EndProject
Project("{FAE04EC0-301F-11D3-BF4B-00C04F79EFBC}") = "Unity.Entities.Editor.Properties", "Unity.Entities.Editor.Properties.csproj", "{6fcd3fcb-e329-677a-c53f-061facbc063e}"
EndProject
Project("{FAE04EC0-301F-11D3-BF4B-00C04F79EFBC}") = "Unity.AI.Navigation.Editor", "Unity.AI.Navigation.Editor.csproj", "{2c3b98b8-255a-ee62-6d0a-600366bb5df8}"
EndProject
Project("{FAE04EC0-301F-11D3-BF4B-00C04F79EFBC}") = "Unity.2D.Sprite.Editor", "Unity.2D.Sprite.Editor.csproj", "{2e0cc723-2a09-ca3e-1e4a-1c6c14059c62}"
EndProject
Project("{FAE04EC0-301F-11D3-BF4B-00C04F79EFBC}") = "Unity.InputSystem.ForUI", "Unity.InputSystem.ForUI.csproj", "{27bb8217-3c8f-78e4-ae5f-fc5cd72806e0}"
EndProject
Project("{FAE04EC0-301F-11D3-BF4B-00C04F79EFBC}") = "Unity.AI.Navigation", "Unity.AI.Navigation.csproj", "{7fd1f282-fe26-0610-79cf-4ac9cf33b8a3}"
EndProject
Project("{FAE04EC0-301F-11D3-BF4B-00C04F79EFBC}") = "Unity.Collections.CodeGen", "Unity.Collections.CodeGen.csproj", "{a00114cd-bd0e-9c6e-b9fe-04229a655df8}"
EndProject
Project("{FAE04EC0-301F-11D3-BF4B-00C04F79EFBC}") = "Unity.Entities.Hybrid.HybridComponents", "Unity.Entities.Hybrid.HybridComponents.csproj", "{0068ad4e-e6a5-ee10-5bd9-a5985ba7333f}"
EndProject
Project("{FAE04EC0-301F-11D3-BF4B-00C04F79EFBC}") = "Unity.Mathematics.Editor", "Unity.Mathematics.Editor.csproj", "{8846de52-bd87-eaa8-8bc9-f2db6b0b12c6}"
EndProject
Project("{FAE04EC0-301F-11D3-BF4B-00C04F79EFBC}") = "Unity.VisualScripting.SettingsProvider.Editor", "Unity.VisualScripting.SettingsProvider.Editor.csproj", "{c1bed089-0cb1-db62-4ba7-c81154431fd7}"
EndProject
Project("{FAE04EC0-301F-11D3-BF4B-00C04F79EFBC}") = "Unity.Entities.UI", "Unity.Entities.UI.csproj", "{5d93e6e6-1999-c911-5a85-a1e2347d6491}"
EndProject
Project("{FAE04EC0-301F-11D3-BF4B-00C04F79EFBC}") = "Assembly-CSharp-Editor", "Assembly-CSharp-Editor.csproj", "{26346f19-bd96-64e5-a156-57572db80a48}"
EndProject
Project("{FAE04EC0-301F-11D3-BF4B-00C04F79EFBC}") = "Unity.Transforms", "Unity.Transforms.csproj", "{516bfd83-f054-41de-b9ff-0a4f9ceed330}"
EndProject
Project("{FAE04EC0-301F-11D3-BF4B-00C04F79EFBC}") = "Unity.Entities.Build", "Unity.Entities.Build.csproj", "{0b7c5f2d-160d-1e81-4fa4-de844b4df483}"
EndProject
Project("{FAE04EC0-301F-11D3-BF4B-00C04F79EFBC}") = "Unity.InputSystem.TestFramework", "Unity.InputSystem.TestFramework.csproj", "{60f1cf24-65ae-4f2d-27f6-6675a7f80dfa}"
EndProject
Project("{FAE04EC0-301F-11D3-BF4B-00C04F79EFBC}") = "Unity.ShaderGraph.Utilities", "Unity.ShaderGraph.Utilities.csproj", "{12bbe0d8-25a1-9494-4d41-56f89f912b88}"
EndProject
Project("{FAE04EC0-301F-11D3-BF4B-00C04F79EFBC}") = "Unity.VisualScripting.Shared.Editor", "Unity.VisualScripting.Shared.Editor.csproj", "{c56ae5fb-bb79-416c-91c3-32d25f827e14}"
EndProject
Project("{FAE04EC0-301F-11D3-BF4B-00C04F79EFBC}") = "Unity.Profiling.Core", "Unity.Profiling.Core.csproj", "{99310648-aa8c-f06e-32c5-e7ebced413d2}"
EndProject
Project("{FAE04EC0-301F-11D3-BF4B-00C04F79EFBC}") = "Unity.RenderPipeline.Universal.ShaderLibrary", "Unity.RenderPipeline.Universal.ShaderLibrary.csproj", "{811c01c1-386d-33f6-59b6-5d1c1436e154}"
EndProject
Project("{FAE04EC0-301F-11D3-BF4B-00C04F79EFBC}") = "Unity.Core.Editor", "Unity.Core.Editor.csproj", "{e2a72e42-8d98-785d-09de-9a8d9e1ca649}"
EndProject
Project("{FAE04EC0-301F-11D3-BF4B-00C04F79EFBC}") = "Unity.Mathematics.Extensions", "Unity.Mathematics.Extensions.csproj", "{ee33809a-5202-52ac-5f84-0de6ba1eca52}"
EndProject
Project("{FAE04EC0-301F-11D3-BF4B-00C04F79EFBC}") = "Unity.Transforms.Hybrid", "Unity.Transforms.Hybrid.csproj", "{abe9a2a2-6b8c-55f2-1b13-30f14f4219d9}"
EndProject
Project("{FAE04EC0-301F-11D3-BF4B-00C04F79EFBC}") = "Unity.Serialization.Editor", "Unity.Serialization.Editor.csproj", "{c8dd1876-2655-374b-4597-747981b42f00}"
EndProject
Project("{FAE04EC0-301F-11D3-BF4B-00C04F79EFBC}") = "Unity.RenderPipelines.Universal.Shaders", "Unity.RenderPipelines.Universal.Shaders.csproj", "{946adda4-0964-8008-c469-85c9f36f6300}"
EndProject
Project("{FAE04EC0-301F-11D3-BF4B-00C04F79EFBC}") = "Unity.RenderPipelines.Core.Runtime.Shared", "Unity.RenderPipelines.Core.Runtime.Shared.csproj", "{d7640201-8fa3-9942-5e29-8360de0828f7}"
EndProject
Project("{FAE04EC0-301F-11D3-BF4B-00C04F79EFBC}") = "Unity.Deformations", "Unity.Deformations.csproj", "{e6664078-3fc1-b188-cc07-af9fd1ea358c}"
EndProject
Project("{FAE04EC0-301F-11D3-BF4B-00C04F79EFBC}") = "Assembly-CSharp", "Assembly-CSharp.csproj", "{8fc1fbdd-9693-3731-9cfe-deb2cdb74636}"
EndProject
Project("{FAE04EC0-301F-11D3-BF4B-00C04F79EFBC}") = "Unity.Mathematics.Extensions.Hybrid", "Unity.Mathematics.Extensions.Hybrid.csproj", "{5d693cdb-568b-6584-90c5-cb85546ad3e1}"
EndProject
Project("{FAE04EC0-301F-11D3-BF4B-00C04F79EFBC}") = "Unity.Rendering.LightTransport.Editor", "Unity.Rendering.LightTransport.Editor.csproj", "{47f3fcd5-c54d-8dc3-437d-69b3cfbefaad}"
EndProject
Project("{FAE04EC0-301F-11D3-BF4B-00C04F79EFBC}") = "Unity.ScriptableBuildPipeline", "Unity.ScriptableBuildPipeline.csproj", "{b63924fa-6cc3-8037-99a9-7287b350abeb}"
EndProject
Project("{FAE04EC0-301F-11D3-BF4B-00C04F79EFBC}") = "Unity.Collections.Editor", "Unity.Collections.Editor.csproj", "{ddc4bedd-d27e-7b6d-58e3-71dcb5650bc4}"
EndProject
Project("{FAE04EC0-301F-11D3-BF4B-00C04F79EFBC}") = "Unity.RenderPipelines.Universal.Config.Runtime", "Unity.RenderPipelines.Universal.Config.Runtime.csproj", "{ae819cd5-c0d2-30fe-48c7-9767857fcb16}"
EndProject
Project("{FAE04EC0-301F-11D3-BF4B-00C04F79EFBC}") = "Unity.RenderPipelines.ShaderGraph.ShaderGraphLibrary", "Unity.RenderPipelines.ShaderGraph.ShaderGraphLibrary.csproj", "{3f10e55c-d2be-f08f-1ad2-9f5e1cb3de12}"
EndProject
Project("{FAE04EC0-301F-11D3-BF4B-00C04F79EFBC}") = "Unity.RenderPipelines.Core.ShaderLibrary", "Unity.RenderPipelines.Core.ShaderLibrary.csproj", "{6606f20b-68b2-5340-a504-990acd3adeff}"
EndProject
Project("{FAE04EC0-301F-11D3-BF4B-00C04F79EFBC}") = "Unity.RenderPipelines.Core.Editor.Shared", "Unity.RenderPipelines.Core.Editor.Shared.csproj", "{2aa39182-d2d5-d3f1-43f5-e17d332f0084}"
EndProject
Project("{FAE04EC0-301F-11D3-BF4B-00C04F79EFBC}") = "Unity.Entities.Hybrid.Tests.ExcludedAssembly", "Unity.Entities.Hybrid.Tests.ExcludedAssembly.csproj", "{c3da308a-8293-d581-0db7-c47a921174c2}"
EndProject
Project("{FAE04EC0-301F-11D3-BF4B-00C04F79EFBC}") = "Unity.Mathematics.Tests", "Unity.Mathematics.Tests.csproj", "{9250b1bf-d33b-80cf-0e34-b9ba7756342d}"
EndProject
Project("{FAE04EC0-301F-11D3-BF4B-00C04F79EFBC}") = "Unity.RenderPipelines.Core.Editor.Tests", "Unity.RenderPipelines.Core.Editor.Tests.csproj", "{b0045592-6d52-e6fa-4977-9f3ae9f1f461}"
EndProject
Project("{FAE04EC0-301F-11D3-BF4B-00C04F79EFBC}") = "Unity.Entities.PerformanceTests", "Unity.Entities.PerformanceTests.csproj", "{a8d37aaf-5539-d2e1-efdb-7f1b7d29380a}"
EndProject
Project("{FAE04EC0-301F-11D3-BF4B-00C04F79EFBC}") = "Unity.RenderPipelines.Universal.Config.Editor.Tests", "Unity.RenderPipelines.Universal.Config.Editor.Tests.csproj", "{c2373866-5176-afc5-24c6-f41814d6ee2f}"
EndProject
Project("{FAE04EC0-301F-11D3-BF4B-00C04F79EFBC}") = "Unity.RenderPipelines.Universal.Editor.Tests", "Unity.RenderPipelines.Universal.Editor.Tests.csproj", "{9217bf5d-60fa-b470-1010-c8eedc756b5b}"
EndProject
Project("{FAE04EC0-301F-11D3-BF4B-00C04F79EFBC}") = "Unity.Transforms.PerformanceTests", "Unity.Transforms.PerformanceTests.csproj", "{2a12c92d-fdf2-e084-637f-11e43fc6b46b}"
EndProject
Project("{FAE04EC0-301F-11D3-BF4B-00C04F79EFBC}") = "Unity.Transforms.Tests", "Unity.Transforms.Tests.csproj", "{843137e7-3cf1-2924-d89a-19b07e719980}"
EndProject
Project("{FAE04EC0-301F-11D3-BF4B-00C04F79EFBC}") = "Unity.Collections.DocCodeSamples", "Unity.Collections.DocCodeSamples.csproj", "{0a581077-aed0-1fed-7f84-fa1c8178d214}"
EndProject
Project("{FAE04EC0-301F-11D3-BF4B-00C04F79EFBC}") = "Unity.ScriptableBuildPipeline.Editor.Tests", "Unity.ScriptableBuildPipeline.Editor.Tests.csproj", "{b8db195f-6c7d-9288-9665-c825300aea87}"
EndProject
Project("{FAE04EC0-301F-11D3-BF4B-00C04F79EFBC}") = "Unity.Entities.Editor.PerformanceTests", "Unity.Entities.Editor.PerformanceTests.csproj", "{26162854-50ac-f68d-64cd-24ff20d92d54}"
EndProject
Project("{FAE04EC0-301F-11D3-BF4B-00C04F79EFBC}") = "Unity.2D.Sprite.Package.EditorTests", "Unity.2D.Sprite.Package.EditorTests.csproj", "{bc18eb6f-9e18-da02-b5e6-d69736fa3eda}"
EndProject
Project("{FAE04EC0-301F-11D3-BF4B-00C04F79EFBC}") = "Unity.Scenes.Hybrid.Tests.Playmode", "Unity.Scenes.Hybrid.Tests.Playmode.csproj", "{39dd701b-2d17-4741-8080-33bc470ae21c}"
EndProject
Project("{FAE04EC0-301F-11D3-BF4B-00C04F79EFBC}") = "Unity.Scenes.Tests", "Unity.Scenes.Tests.csproj", "{e35221ed-2603-5689-2b01-a4697f074949}"
EndProject
Project("{FAE04EC0-301F-11D3-BF4B-00C04F79EFBC}") = "Unity.Burst.Tests.UnitTests", "Unity.Burst.Tests.UnitTests.csproj", "{0f4677ca-f9c3-937f-7bed-30491b2ce234}"
EndProject
Project("{FAE04EC0-301F-11D3-BF4B-00C04F79EFBC}") = "Unity.LightTransport.Editor.Tests", "Unity.LightTransport.Editor.Tests.csproj", "{b79f3c46-2520-3b51-d702-e2dddb196c64}"
EndProject
Project("{FAE04EC0-301F-11D3-BF4B-00C04F79EFBC}") = "Unity.Searcher.EditorTests", "Unity.Searcher.EditorTests.csproj", "{8fb7b1e3-a75b-643a-c8e7-c99a0d757584}"
EndProject
Project("{FAE04EC0-301F-11D3-BF4B-00C04F79EFBC}") = "TypeDependencyCacheTestAssembly", "TypeDependencyCacheTestAssembly.csproj", "{08eaf0af-f382-3f0c-460c-ad056fb8d08f}"
EndProject
Project("{FAE04EC0-301F-11D3-BF4B-00C04F79EFBC}") = "Unity.Serialization.Tests", "Unity.Serialization.Tests.csproj", "{814079a3-4975-b673-c798-e5faac3a4abf}"
EndProject
Project("{FAE04EC0-301F-11D3-BF4B-00C04F79EFBC}") = "ScriptableBuildPipelineTests", "ScriptableBuildPipelineTests.csproj", "{e15e7c3b-0fa1-5e26-d5c0-ea2838280544}"
EndProject
Project("{FAE04EC0-301F-11D3-BF4B-00C04F79EFBC}") = "Unity.Collections.PerformanceTests", "Unity.Collections.PerformanceTests.csproj", "{1e23051e-0796-bf45-ad95-5ef7c3f7c5dc}"
EndProject
Project("{FAE04EC0-301F-11D3-BF4B-00C04F79EFBC}") = "Unity.Burst.Editor.Tests", "Unity.Burst.Editor.Tests.csproj", "{1ff5af1e-abbf-1ea2-1942-1841cd286840}"
EndProject
Project("{FAE04EC0-301F-11D3-BF4B-00C04F79EFBC}") = "Unity.AI.Navigation.Tests", "Unity.AI.Navigation.Tests.csproj", "{027e9700-92de-872d-1676-abe7a572bcfb}"
EndProject
Project("{FAE04EC0-301F-11D3-BF4B-00C04F79EFBC}") = "Unity.TextMeshPro.Editor.Tests", "Unity.TextMeshPro.Editor.Tests.csproj", "{b317cb7e-5abe-a843-70e1-feaa19965a84}"
EndProject
Project("{FAE04EC0-301F-11D3-BF4B-00C04F79EFBC}") = "DocCodeExamples", "DocCodeExamples.csproj", "{2c566ec3-f4c9-66a7-320b-874f4a039d5e}"
EndProject
Project("{FAE04EC0-301F-11D3-BF4B-00C04F79EFBC}") = "Unity.Entities.Hybrid.EndToEnd.Tests", "Unity.Entities.Hybrid.EndToEnd.Tests.csproj", "{e5de9976-84fe-01cd-bc8c-f36d027c0a00}"
EndProject
Project("{FAE04EC0-301F-11D3-BF4B-00C04F79EFBC}") = "Unity.Scenes.Hybrid.Tests.Editmode.Content", "Unity.Scenes.Hybrid.Tests.Editmode.Content.csproj", "{d56e6c28-ba69-f460-d849-05b1983b0dbc}"
EndProject
Project("{FAE04EC0-301F-11D3-BF4B-00C04F79EFBC}") = "Unity.Collections.Tests", "Unity.Collections.Tests.csproj", "{30951db8-871c-7c12-5423-bb721f0be568}"
EndProject
Project("{FAE04EC0-301F-11D3-BF4B-00C04F79EFBC}") = "Unity.Entities.Hybrid.Tests.SeparateAssembly", "Unity.Entities.Hybrid.Tests.SeparateAssembly.csproj", "{0aed8217-2b61-a945-57fa-99a0e2d08a43}"
EndProject
Project("{FAE04EC0-301F-11D3-BF4B-00C04F79EFBC}") = "Unity.RenderPipelines.Core.Runtime.Tests", "Unity.RenderPipelines.Core.Runtime.Tests.csproj", "{1d419e43-9056-0dfb-c8fa-66f08d0fdc92}"
EndProject
Project("{FAE04EC0-301F-11D3-BF4B-00C04F79EFBC}") = "Unity.Performance.Profile-Analyzer.EditorTests", "Unity.Performance.Profile-Analyzer.EditorTests.csproj", "{be8af140-13fa-82b8-98fb-0b80af749373}"
EndProject
Project("{FAE04EC0-301F-11D3-BF4B-00C04F79EFBC}") = "Unity.AI.Navigation.LegacyOffMeshLink.Tests", "Unity.AI.Navigation.LegacyOffMeshLink.Tests.csproj", "{7ce0a019-acc7-aefa-a8e1-8941ac51cf34}"
EndProject
Project("{FAE04EC0-301F-11D3-BF4B-00C04F79EFBC}") = "DocCodeSamples", "DocCodeSamples.csproj", "{22ccac8f-4c0e-959b-ab34-1717c5ec82e3}"
EndProject
Project("{FAE04EC0-301F-11D3-BF4B-00C04F79EFBC}") = "Unity.AI.Navigation.Editor.Tests", "Unity.AI.Navigation.Editor.Tests.csproj", "{b66ad950-1d3a-740e-50cd-18b0ed29b33d}"
EndProject
Project("{FAE04EC0-301F-11D3-BF4B-00C04F79EFBC}") = "UnityEngine.UI.Tests", "UnityEngine.UI.Tests.csproj", "{a86a6c9e-956a-6d80-b7bc-a807c2eea77b}"
EndProject
Project("{FAE04EC0-301F-11D3-BF4B-00C04F79EFBC}") = "Unity.InputSystem.IntegrationTests", "Unity.InputSystem.IntegrationTests.csproj", "{5688d68c-2a5a-b5bd-03dd-865ca2d7478d}"
EndProject
Project("{FAE04EC0-301F-11D3-BF4B-00C04F79EFBC}") = "Unity.Transforms.Hybrid.Tests", "Unity.Transforms.Hybrid.Tests.csproj", "{74664477-2f57-30b1-cfaf-0764187e6db7}"
EndProject
Project("{FAE04EC0-301F-11D3-BF4B-00C04F79EFBC}") = "Unity.Collections.Tests.Playmode", "Unity.Collections.Tests.Playmode.csproj", "{a849cec0-65f4-f8ee-8315-2453f8ff2543}"
EndProject
Project("{FAE04EC0-301F-11D3-BF4B-00C04F79EFBC}") = "Unity.Nuget.Mono-Cecil", "Unity.Nuget.Mono-Cecil.csproj", "{f146e675-6edd-40e0-c221-9277bea9bcb2}"
EndProject
Project("{FAE04EC0-301F-11D3-BF4B-00C04F79EFBC}") = "MockTests", "MockTests.csproj", "{dd92228e-f68f-3478-ff45-a33263f78fd1}"
EndProject
Project("{FAE04EC0-301F-11D3-BF4B-00C04F79EFBC}") = "Unity.Entities.Hybrid.PerformanceTests", "Unity.Entities.Hybrid.PerformanceTests.csproj", "{7c8ed85f-e67a-5fbd-d91a-ac7d7d0bf635}"
EndProject
Project("{FAE04EC0-301F-11D3-BF4B-00C04F79EFBC}") = "Unity.Scenes.Hybrid.Tests", "Unity.Scenes.Hybrid.Tests.csproj", "{47318965-419e-337e-8aec-9fb768b62baa}"
EndProject
Project("{FAE04EC0-301F-11D3-BF4B-00C04F79EFBC}") = "Unity.Burst.Tests", "Unity.Burst.Tests.csproj", "{993262f5-85bf-fe29-3254-e753541ba1d3}"
EndProject
Project("{FAE04EC0-301F-11D3-BF4B-00C04F79EFBC}") = "Unity.TextMeshPro.Tests", "Unity.TextMeshPro.Tests.csproj", "{c92b0e11-8ba8-b366-e7ea-ae3e2447c2d5}"
EndProject
Project("{FAE04EC0-301F-11D3-BF4B-00C04F79EFBC}") = "SeparateAssembly", "SeparateAssembly.csproj", "{a5afbc9a-b1a9-3840-1b50-84dfbe23f0ec}"
EndProject
Project("{FAE04EC0-301F-11D3-BF4B-00C04F79EFBC}") = "UnityEditor.UI.EditorTests", "UnityEditor.UI.EditorTests.csproj", "{0c282acd-774c-f31d-6866-120c8469ffc4}"
EndProject
Project("{FAE04EC0-301F-11D3-BF4B-00C04F79EFBC}") = "Unity.RenderPipelines.Universal.Runtime.Tests", "Unity.RenderPipelines.Universal.Runtime.Tests.csproj", "{904c0318-98f7-c2ff-8f87-6e30de6e3170}"
EndProject
Project("{FAE04EC0-301F-11D3-BF4B-00C04F79EFBC}") = "Unity.Entities.Tests.InAnotherAssembly", "Unity.Entities.Tests.InAnotherAssembly.csproj", "{cbb0df4a-7028-a15b-2aa0-025563c09b12}"
EndProject
Project("{FAE04EC0-301F-11D3-BF4B-00C04F79EFBC}") = "Unity.Mathematics.Extensions.Tests", "Unity.Mathematics.Extensions.Tests.csproj", "{0a9eca13-aa97-9e24-69a8-9542bbd5e970}"
EndProject
Project("{FAE04EC0-301F-11D3-BF4B-00C04F79EFBC}") = "Unity.ScriptableBuildPipeline.Tests", "Unity.ScriptableBuildPipeline.Tests.csproj", "{ba419725-d272-a7b2-5bda-75794ec11566}"
EndProject
Project("{FAE04EC0-301F-11D3-BF4B-00C04F79EFBC}") = "Unity.Entities.Hybrid.Tests", "Unity.Entities.Hybrid.Tests.csproj", "{7135384b-363b-205e-7fec-517712932e0f}"
EndProject
Project("{FAE04EC0-301F-11D3-BF4B-00C04F79EFBC}") = "Unity.Entities.Tests", "Unity.Entities.Tests.csproj", "{66cf2ad2-c201-02d9-cfce-5ed3ccf78b76}"
EndProject
Project("{FAE04EC0-301F-11D3-BF4B-00C04F79EFBC}") = "Unity.Scenes.Editor.Tests", "Unity.Scenes.Editor.Tests.csproj", "{1f86738c-86b4-bf10-a4bc-97a76c9e36f9}"
EndProject
Project("{FAE04EC0-301F-11D3-BF4B-00C04F79EFBC}") = "Unity.Entities.TestComponents", "Unity.Entities.TestComponents.csproj", "{6cdab912-36b8-c296-4c6f-15d8d895b268}"
EndProject
Project("{FAE04EC0-301F-11D3-BF4B-00C04F79EFBC}") = "Unity.Scenes.Editor.PerformanceTests", "Unity.Scenes.Editor.PerformanceTests.csproj", "{e3cf6598-a196-5bfe-097e-d068a1ef0836}"
EndProject
Project("{FAE04EC0-301F-11D3-BF4B-00C04F79EFBC}") = "OverloadedFunctionPointers", "OverloadedFunctionPointers.csproj", "{0e66b5c3-0bf6-30a0-bdec-0bd2b44f231b}"
EndProject
Project("{FAE04EC0-301F-11D3-BF4B-00C04F79EFBC}") = "Unity.Entities.CodeGen.Tests", "Unity.Entities.CodeGen.Tests.csproj", "{12b21576-3158-beee-b14e-be79c9183f9d}"
EndProject
Project("{FAE04EC0-301F-11D3-BF4B-00C04F79EFBC}") = "Unity.Collections.BurstCompatibilityGen", "Unity.Collections.BurstCompatibilityGen.csproj", "{98f52d37-e823-3018-b7f6-234d427e78f1}"
EndProject
Project("{FAE04EC0-301F-11D3-BF4B-00C04F79EFBC}") = "Unity.Entities.Editor.Tests", "Unity.Entities.Editor.Tests.csproj", "{dce1fb22-9df7-e580-2933-95f1c2bca005}"
EndProject
Project("{FAE04EC0-301F-11D3-BF4B-00C04F79EFBC}") = "Unity.ShaderGraph.Editor.Tests", "Unity.ShaderGraph.Editor.Tests.csproj", "{bc304fb3-b7f5-d679-671f-0b2c7b4708ba}"
EndProject
Project("{FAE04EC0-301F-11D3-BF4B-00C04F79EFBC}") = "Unity.Scenes.PerformanceTests", "Unity.Scenes.PerformanceTests.csproj", "{4b738154-fc4e-8855-5a77-c4d99dfcb212}"
EndProject
Global
	GlobalSection(SolutionConfigurationPlatforms) = preSolution
		Debug|Any CPU = Debug|Any CPU
	EndGlobalSection
	GlobalSection(ProjectConfigurationPlatforms) = postSolution
		{01ae4245-d205-ebf1-4dfe-a328e69a0ddc}.Debug|Any CPU.ActiveCfg = Debug|Any CPU
		{01ae4245-d205-ebf1-4dfe-a328e69a0ddc}.Debug|Any CPU.Build.0 = Debug|Any CPU
		{d82cd162-a2fe-3507-95af-6e32932acac5}.Debug|Any CPU.ActiveCfg = Debug|Any CPU
		{d82cd162-a2fe-3507-95af-6e32932acac5}.Debug|Any CPU.Build.0 = Debug|Any CPU
		{05f2a6d9-3b30-ffd1-884d-1c94fd403b3e}.Debug|Any CPU.ActiveCfg = Debug|Any CPU
		{05f2a6d9-3b30-ffd1-884d-1c94fd403b3e}.Debug|Any CPU.Build.0 = Debug|Any CPU
		{b320636b-1017-8898-813c-bf72d87fb986}.Debug|Any CPU.ActiveCfg = Debug|Any CPU
		{b320636b-1017-8898-813c-bf72d87fb986}.Debug|Any CPU.Build.0 = Debug|Any CPU
		{b7ba3253-eb22-e439-9a59-228234aaf2ae}.Debug|Any CPU.ActiveCfg = Debug|Any CPU
		{b7ba3253-eb22-e439-9a59-228234aaf2ae}.Debug|Any CPU.Build.0 = Debug|Any CPU
		{c620d840-0e58-c6d7-c5b0-e21e0f2eb07e}.Debug|Any CPU.ActiveCfg = Debug|Any CPU
		{c620d840-0e58-c6d7-c5b0-e21e0f2eb07e}.Debug|Any CPU.Build.0 = Debug|Any CPU
		{3ffc1559-776e-9341-8b3d-443bbb8717b0}.Debug|Any CPU.ActiveCfg = Debug|Any CPU
		{3ffc1559-776e-9341-8b3d-443bbb8717b0}.Debug|Any CPU.Build.0 = Debug|Any CPU
		{9a06f770-a0b7-4343-6f55-9b695fd7c118}.Debug|Any CPU.ActiveCfg = Debug|Any CPU
		{9a06f770-a0b7-4343-6f55-9b695fd7c118}.Debug|Any CPU.Build.0 = Debug|Any CPU
		{5ff7fed5-7355-19a1-c61f-a4179fccde25}.Debug|Any CPU.ActiveCfg = Debug|Any CPU
		{5ff7fed5-7355-19a1-c61f-a4179fccde25}.Debug|Any CPU.Build.0 = Debug|Any CPU
		{d60743d0-64a2-da82-da61-003196db8069}.Debug|Any CPU.ActiveCfg = Debug|Any CPU
		{d60743d0-64a2-da82-da61-003196db8069}.Debug|Any CPU.Build.0 = Debug|Any CPU
		{af8d296c-d8d6-3530-dec1-d14cc1eb7764}.Debug|Any CPU.ActiveCfg = Debug|Any CPU
		{af8d296c-d8d6-3530-dec1-d14cc1eb7764}.Debug|Any CPU.Build.0 = Debug|Any CPU
		{b9fda558-63a3-1d7d-dc79-2d1910fc9f42}.Debug|Any CPU.ActiveCfg = Debug|Any CPU
		{b9fda558-63a3-1d7d-dc79-2d1910fc9f42}.Debug|Any CPU.Build.0 = Debug|Any CPU
		{921c67ae-ac68-fe62-3159-ffe766314a06}.Debug|Any CPU.ActiveCfg = Debug|Any CPU
		{921c67ae-ac68-fe62-3159-ffe766314a06}.Debug|Any CPU.Build.0 = Debug|Any CPU
		{32ddc53f-1865-0ecf-46d9-e935489e0e9f}.Debug|Any CPU.ActiveCfg = Debug|Any CPU
		{32ddc53f-1865-0ecf-46d9-e935489e0e9f}.Debug|Any CPU.Build.0 = Debug|Any CPU
		{c76c4cbd-5328-e67c-4c4b-c2e2c28b9c85}.Debug|Any CPU.ActiveCfg = Debug|Any CPU
		{c76c4cbd-5328-e67c-4c4b-c2e2c28b9c85}.Debug|Any CPU.Build.0 = Debug|Any CPU
		{178e766a-8168-c584-0092-9c11be3b1449}.Debug|Any CPU.ActiveCfg = Debug|Any CPU
		{178e766a-8168-c584-0092-9c11be3b1449}.Debug|Any CPU.Build.0 = Debug|Any CPU
		{71f44ece-62d9-0414-b2eb-772e8d6aef06}.Debug|Any CPU.ActiveCfg = Debug|Any CPU
		{71f44ece-62d9-0414-b2eb-772e8d6aef06}.Debug|Any CPU.Build.0 = Debug|Any CPU
		{eebeeddf-78b1-8a68-b51d-0b51175a7c75}.Debug|Any CPU.ActiveCfg = Debug|Any CPU
		{eebeeddf-78b1-8a68-b51d-0b51175a7c75}.Debug|Any CPU.Build.0 = Debug|Any CPU
		{aa005b74-ef80-fcca-1a4d-cda382c6c3e7}.Debug|Any CPU.ActiveCfg = Debug|Any CPU
		{aa005b74-ef80-fcca-1a4d-cda382c6c3e7}.Debug|Any CPU.Build.0 = Debug|Any CPU
		{cf4ee449-b631-cc38-c879-d82d72abd7c8}.Debug|Any CPU.ActiveCfg = Debug|Any CPU
		{cf4ee449-b631-cc38-c879-d82d72abd7c8}.Debug|Any CPU.Build.0 = Debug|Any CPU
		{25c7e0b2-5aa7-2409-edcc-943ea6392267}.Debug|Any CPU.ActiveCfg = Debug|Any CPU
		{25c7e0b2-5aa7-2409-edcc-943ea6392267}.Debug|Any CPU.Build.0 = Debug|Any CPU
		{cf3d32f1-bb2f-7f72-efb7-b0f6fbda52ae}.Debug|Any CPU.ActiveCfg = Debug|Any CPU
		{cf3d32f1-bb2f-7f72-efb7-b0f6fbda52ae}.Debug|Any CPU.Build.0 = Debug|Any CPU
		{fc556da2-99b2-2370-3ab0-a8c5f4316e91}.Debug|Any CPU.ActiveCfg = Debug|Any CPU
		{fc556da2-99b2-2370-3ab0-a8c5f4316e91}.Debug|Any CPU.Build.0 = Debug|Any CPU
		{b43f3ae3-c28a-dcdb-ccf9-dad8682b5ca3}.Debug|Any CPU.ActiveCfg = Debug|Any CPU
		{b43f3ae3-c28a-dcdb-ccf9-dad8682b5ca3}.Debug|Any CPU.Build.0 = Debug|Any CPU
		{53e184b7-011f-46e0-f7f2-c2cc283c6f5a}.Debug|Any CPU.ActiveCfg = Debug|Any CPU
		{53e184b7-011f-46e0-f7f2-c2cc283c6f5a}.Debug|Any CPU.Build.0 = Debug|Any CPU
		{9ac9b5e4-8077-212f-b27b-8b444e8fcd57}.Debug|Any CPU.ActiveCfg = Debug|Any CPU
		{9ac9b5e4-8077-212f-b27b-8b444e8fcd57}.Debug|Any CPU.Build.0 = Debug|Any CPU
		{2b743b91-9b68-7ee3-aba0-c9c69ec9d379}.Debug|Any CPU.ActiveCfg = Debug|Any CPU
		{2b743b91-9b68-7ee3-aba0-c9c69ec9d379}.Debug|Any CPU.Build.0 = Debug|Any CPU
		{4550955e-751a-8d5a-d55a-1b8e6af7e6ee}.Debug|Any CPU.ActiveCfg = Debug|Any CPU
		{4550955e-751a-8d5a-d55a-1b8e6af7e6ee}.Debug|Any CPU.Build.0 = Debug|Any CPU
		{0f14b410-d370-0964-cace-85a55e1d3ee0}.Debug|Any CPU.ActiveCfg = Debug|Any CPU
		{0f14b410-d370-0964-cace-85a55e1d3ee0}.Debug|Any CPU.Build.0 = Debug|Any CPU
		{dbfe8d86-9d7d-43a1-80c9-f32d9b3101ee}.Debug|Any CPU.ActiveCfg = Debug|Any CPU
		{dbfe8d86-9d7d-43a1-80c9-f32d9b3101ee}.Debug|Any CPU.Build.0 = Debug|Any CPU
		{3cf57682-cf3e-3a89-f432-c75beba7e7aa}.Debug|Any CPU.ActiveCfg = Debug|Any CPU
		{3cf57682-cf3e-3a89-f432-c75beba7e7aa}.Debug|Any CPU.Build.0 = Debug|Any CPU
		{dffcc463-af57-2f8f-7b2b-1da9640b5c27}.Debug|Any CPU.ActiveCfg = Debug|Any CPU
		{dffcc463-af57-2f8f-7b2b-1da9640b5c27}.Debug|Any CPU.Build.0 = Debug|Any CPU
		{7e31bac1-b37f-878d-6b44-a9b0f57ba443}.Debug|Any CPU.ActiveCfg = Debug|Any CPU
		{7e31bac1-b37f-878d-6b44-a9b0f57ba443}.Debug|Any CPU.Build.0 = Debug|Any CPU
		{eb2b619d-0e8d-ad97-e922-1f34cccf1679}.Debug|Any CPU.ActiveCfg = Debug|Any CPU
		{eb2b619d-0e8d-ad97-e922-1f34cccf1679}.Debug|Any CPU.Build.0 = Debug|Any CPU
		{1d3d216c-c853-0347-9803-909bcd6358a8}.Debug|Any CPU.ActiveCfg = Debug|Any CPU
		{1d3d216c-c853-0347-9803-909bcd6358a8}.Debug|Any CPU.Build.0 = Debug|Any CPU
		{85597ddb-2cd3-aef2-b917-49b28e770ee9}.Debug|Any CPU.ActiveCfg = Debug|Any CPU
		{85597ddb-2cd3-aef2-b917-49b28e770ee9}.Debug|Any CPU.Build.0 = Debug|Any CPU
		{59f6be66-2584-64c2-6db6-95fb7a44f431}.Debug|Any CPU.ActiveCfg = Debug|Any CPU
		{59f6be66-2584-64c2-6db6-95fb7a44f431}.Debug|Any CPU.Build.0 = Debug|Any CPU
		{fbd93769-cd8f-f6c0-be4f-4a48c1459cbd}.Debug|Any CPU.ActiveCfg = Debug|Any CPU
		{fbd93769-cd8f-f6c0-be4f-4a48c1459cbd}.Debug|Any CPU.Build.0 = Debug|Any CPU
		{bfdee384-55a9-74da-de13-c4861fee2c61}.Debug|Any CPU.ActiveCfg = Debug|Any CPU
		{bfdee384-55a9-74da-de13-c4861fee2c61}.Debug|Any CPU.Build.0 = Debug|Any CPU
		{60edddd7-3ce8-60a8-9bc7-d2ff0ef30070}.Debug|Any CPU.ActiveCfg = Debug|Any CPU
		{60edddd7-3ce8-60a8-9bc7-d2ff0ef30070}.Debug|Any CPU.Build.0 = Debug|Any CPU
		{6ff26565-3a1f-9eb7-ee8c-c5e39d889b08}.Debug|Any CPU.ActiveCfg = Debug|Any CPU
		{6ff26565-3a1f-9eb7-ee8c-c5e39d889b08}.Debug|Any CPU.Build.0 = Debug|Any CPU
		{6ff9474e-248a-f29f-8ba6-c1c20e23b7e4}.Debug|Any CPU.ActiveCfg = Debug|Any CPU
		{6ff9474e-248a-f29f-8ba6-c1c20e23b7e4}.Debug|Any CPU.Build.0 = Debug|Any CPU
		{fdbfe069-d12d-e3c2-c246-661ece283469}.Debug|Any CPU.ActiveCfg = Debug|Any CPU
		{fdbfe069-d12d-e3c2-c246-661ece283469}.Debug|Any CPU.Build.0 = Debug|Any CPU
		{529540ba-94d8-163e-5722-42dbabe64e1e}.Debug|Any CPU.ActiveCfg = Debug|Any CPU
		{529540ba-94d8-163e-5722-42dbabe64e1e}.Debug|Any CPU.Build.0 = Debug|Any CPU
		{be297d32-e751-aee4-40da-6c5efb682b59}.Debug|Any CPU.ActiveCfg = Debug|Any CPU
		{be297d32-e751-aee4-40da-6c5efb682b59}.Debug|Any CPU.Build.0 = Debug|Any CPU
		{e63a24f9-cbf7-602a-b814-621c271f1820}.Debug|Any CPU.ActiveCfg = Debug|Any CPU
		{e63a24f9-cbf7-602a-b814-621c271f1820}.Debug|Any CPU.Build.0 = Debug|Any CPU
		{c46fccce-e176-22fb-f8db-601499f3a27a}.Debug|Any CPU.ActiveCfg = Debug|Any CPU
		{c46fccce-e176-22fb-f8db-601499f3a27a}.Debug|Any CPU.Build.0 = Debug|Any CPU
		{f1d9886d-be9c-ee22-62f1-ab7d8769dc30}.Debug|Any CPU.ActiveCfg = Debug|Any CPU
		{f1d9886d-be9c-ee22-62f1-ab7d8769dc30}.Debug|Any CPU.Build.0 = Debug|Any CPU
		{6fcd3fcb-e329-677a-c53f-061facbc063e}.Debug|Any CPU.ActiveCfg = Debug|Any CPU
		{6fcd3fcb-e329-677a-c53f-061facbc063e}.Debug|Any CPU.Build.0 = Debug|Any CPU
		{2c3b98b8-255a-ee62-6d0a-600366bb5df8}.Debug|Any CPU.ActiveCfg = Debug|Any CPU
		{2c3b98b8-255a-ee62-6d0a-600366bb5df8}.Debug|Any CPU.Build.0 = Debug|Any CPU
		{2e0cc723-2a09-ca3e-1e4a-1c6c14059c62}.Debug|Any CPU.ActiveCfg = Debug|Any CPU
		{2e0cc723-2a09-ca3e-1e4a-1c6c14059c62}.Debug|Any CPU.Build.0 = Debug|Any CPU
		{27bb8217-3c8f-78e4-ae5f-fc5cd72806e0}.Debug|Any CPU.ActiveCfg = Debug|Any CPU
		{27bb8217-3c8f-78e4-ae5f-fc5cd72806e0}.Debug|Any CPU.Build.0 = Debug|Any CPU
		{7fd1f282-fe26-0610-79cf-4ac9cf33b8a3}.Debug|Any CPU.ActiveCfg = Debug|Any CPU
		{7fd1f282-fe26-0610-79cf-4ac9cf33b8a3}.Debug|Any CPU.Build.0 = Debug|Any CPU
		{a00114cd-bd0e-9c6e-b9fe-04229a655df8}.Debug|Any CPU.ActiveCfg = Debug|Any CPU
		{a00114cd-bd0e-9c6e-b9fe-04229a655df8}.Debug|Any CPU.Build.0 = Debug|Any CPU
		{0068ad4e-e6a5-ee10-5bd9-a5985ba7333f}.Debug|Any CPU.ActiveCfg = Debug|Any CPU
		{0068ad4e-e6a5-ee10-5bd9-a5985ba7333f}.Debug|Any CPU.Build.0 = Debug|Any CPU
		{8846de52-bd87-eaa8-8bc9-f2db6b0b12c6}.Debug|Any CPU.ActiveCfg = Debug|Any CPU
		{8846de52-bd87-eaa8-8bc9-f2db6b0b12c6}.Debug|Any CPU.Build.0 = Debug|Any CPU
		{c1bed089-0cb1-db62-4ba7-c81154431fd7}.Debug|Any CPU.ActiveCfg = Debug|Any CPU
		{c1bed089-0cb1-db62-4ba7-c81154431fd7}.Debug|Any CPU.Build.0 = Debug|Any CPU
		{5d93e6e6-1999-c911-5a85-a1e2347d6491}.Debug|Any CPU.ActiveCfg = Debug|Any CPU
		{5d93e6e6-1999-c911-5a85-a1e2347d6491}.Debug|Any CPU.Build.0 = Debug|Any CPU
		{26346f19-bd96-64e5-a156-57572db80a48}.Debug|Any CPU.ActiveCfg = Debug|Any CPU
		{26346f19-bd96-64e5-a156-57572db80a48}.Debug|Any CPU.Build.0 = Debug|Any CPU
		{516bfd83-f054-41de-b9ff-0a4f9ceed330}.Debug|Any CPU.ActiveCfg = Debug|Any CPU
		{516bfd83-f054-41de-b9ff-0a4f9ceed330}.Debug|Any CPU.Build.0 = Debug|Any CPU
		{0b7c5f2d-160d-1e81-4fa4-de844b4df483}.Debug|Any CPU.ActiveCfg = Debug|Any CPU
		{0b7c5f2d-160d-1e81-4fa4-de844b4df483}.Debug|Any CPU.Build.0 = Debug|Any CPU
		{60f1cf24-65ae-4f2d-27f6-6675a7f80dfa}.Debug|Any CPU.ActiveCfg = Debug|Any CPU
		{60f1cf24-65ae-4f2d-27f6-6675a7f80dfa}.Debug|Any CPU.Build.0 = Debug|Any CPU
		{12bbe0d8-25a1-9494-4d41-56f89f912b88}.Debug|Any CPU.ActiveCfg = Debug|Any CPU
		{12bbe0d8-25a1-9494-4d41-56f89f912b88}.Debug|Any CPU.Build.0 = Debug|Any CPU
		{c56ae5fb-bb79-416c-91c3-32d25f827e14}.Debug|Any CPU.ActiveCfg = Debug|Any CPU
		{c56ae5fb-bb79-416c-91c3-32d25f827e14}.Debug|Any CPU.Build.0 = Debug|Any CPU
		{99310648-aa8c-f06e-32c5-e7ebced413d2}.Debug|Any CPU.ActiveCfg = Debug|Any CPU
		{99310648-aa8c-f06e-32c5-e7ebced413d2}.Debug|Any CPU.Build.0 = Debug|Any CPU
		{811c01c1-386d-33f6-59b6-5d1c1436e154}.Debug|Any CPU.ActiveCfg = Debug|Any CPU
		{811c01c1-386d-33f6-59b6-5d1c1436e154}.Debug|Any CPU.Build.0 = Debug|Any CPU
		{e2a72e42-8d98-785d-09de-9a8d9e1ca649}.Debug|Any CPU.ActiveCfg = Debug|Any CPU
		{e2a72e42-8d98-785d-09de-9a8d9e1ca649}.Debug|Any CPU.Build.0 = Debug|Any CPU
		{ee33809a-5202-52ac-5f84-0de6ba1eca52}.Debug|Any CPU.ActiveCfg = Debug|Any CPU
		{ee33809a-5202-52ac-5f84-0de6ba1eca52}.Debug|Any CPU.Build.0 = Debug|Any CPU
		{abe9a2a2-6b8c-55f2-1b13-30f14f4219d9}.Debug|Any CPU.ActiveCfg = Debug|Any CPU
		{abe9a2a2-6b8c-55f2-1b13-30f14f4219d9}.Debug|Any CPU.Build.0 = Debug|Any CPU
		{c8dd1876-2655-374b-4597-747981b42f00}.Debug|Any CPU.ActiveCfg = Debug|Any CPU
		{c8dd1876-2655-374b-4597-747981b42f00}.Debug|Any CPU.Build.0 = Debug|Any CPU
		{946adda4-0964-8008-c469-85c9f36f6300}.Debug|Any CPU.ActiveCfg = Debug|Any CPU
		{946adda4-0964-8008-c469-85c9f36f6300}.Debug|Any CPU.Build.0 = Debug|Any CPU
		{d7640201-8fa3-9942-5e29-8360de0828f7}.Debug|Any CPU.ActiveCfg = Debug|Any CPU
		{d7640201-8fa3-9942-5e29-8360de0828f7}.Debug|Any CPU.Build.0 = Debug|Any CPU
		{e6664078-3fc1-b188-cc07-af9fd1ea358c}.Debug|Any CPU.ActiveCfg = Debug|Any CPU
		{e6664078-3fc1-b188-cc07-af9fd1ea358c}.Debug|Any CPU.Build.0 = Debug|Any CPU
		{8fc1fbdd-9693-3731-9cfe-deb2cdb74636}.Debug|Any CPU.ActiveCfg = Debug|Any CPU
		{8fc1fbdd-9693-3731-9cfe-deb2cdb74636}.Debug|Any CPU.Build.0 = Debug|Any CPU
		{5d693cdb-568b-6584-90c5-cb85546ad3e1}.Debug|Any CPU.ActiveCfg = Debug|Any CPU
		{5d693cdb-568b-6584-90c5-cb85546ad3e1}.Debug|Any CPU.Build.0 = Debug|Any CPU
		{47f3fcd5-c54d-8dc3-437d-69b3cfbefaad}.Debug|Any CPU.ActiveCfg = Debug|Any CPU
		{47f3fcd5-c54d-8dc3-437d-69b3cfbefaad}.Debug|Any CPU.Build.0 = Debug|Any CPU
		{b63924fa-6cc3-8037-99a9-7287b350abeb}.Debug|Any CPU.ActiveCfg = Debug|Any CPU
		{b63924fa-6cc3-8037-99a9-7287b350abeb}.Debug|Any CPU.Build.0 = Debug|Any CPU
		{ddc4bedd-d27e-7b6d-58e3-71dcb5650bc4}.Debug|Any CPU.ActiveCfg = Debug|Any CPU
		{ddc4bedd-d27e-7b6d-58e3-71dcb5650bc4}.Debug|Any CPU.Build.0 = Debug|Any CPU
		{ae819cd5-c0d2-30fe-48c7-9767857fcb16}.Debug|Any CPU.ActiveCfg = Debug|Any CPU
		{ae819cd5-c0d2-30fe-48c7-9767857fcb16}.Debug|Any CPU.Build.0 = Debug|Any CPU
		{3f10e55c-d2be-f08f-1ad2-9f5e1cb3de12}.Debug|Any CPU.ActiveCfg = Debug|Any CPU
		{3f10e55c-d2be-f08f-1ad2-9f5e1cb3de12}.Debug|Any CPU.Build.0 = Debug|Any CPU
		{6606f20b-68b2-5340-a504-990acd3adeff}.Debug|Any CPU.ActiveCfg = Debug|Any CPU
		{6606f20b-68b2-5340-a504-990acd3adeff}.Debug|Any CPU.Build.0 = Debug|Any CPU
		{2aa39182-d2d5-d3f1-43f5-e17d332f0084}.Debug|Any CPU.ActiveCfg = Debug|Any CPU
		{2aa39182-d2d5-d3f1-43f5-e17d332f0084}.Debug|Any CPU.Build.0 = Debug|Any CPU
		{c3da308a-8293-d581-0db7-c47a921174c2}.Debug|Any CPU.ActiveCfg = Debug|Any CPU
		{c3da308a-8293-d581-0db7-c47a921174c2}.Debug|Any CPU.Build.0 = Debug|Any CPU
		{9250b1bf-d33b-80cf-0e34-b9ba7756342d}.Debug|Any CPU.ActiveCfg = Debug|Any CPU
		{9250b1bf-d33b-80cf-0e34-b9ba7756342d}.Debug|Any CPU.Build.0 = Debug|Any CPU
		{b0045592-6d52-e6fa-4977-9f3ae9f1f461}.Debug|Any CPU.ActiveCfg = Debug|Any CPU
		{b0045592-6d52-e6fa-4977-9f3ae9f1f461}.Debug|Any CPU.Build.0 = Debug|Any CPU
		{a8d37aaf-5539-d2e1-efdb-7f1b7d29380a}.Debug|Any CPU.ActiveCfg = Debug|Any CPU
		{a8d37aaf-5539-d2e1-efdb-7f1b7d29380a}.Debug|Any CPU.Build.0 = Debug|Any CPU
		{c2373866-5176-afc5-24c6-f41814d6ee2f}.Debug|Any CPU.ActiveCfg = Debug|Any CPU
		{c2373866-5176-afc5-24c6-f41814d6ee2f}.Debug|Any CPU.Build.0 = Debug|Any CPU
		{9217bf5d-60fa-b470-1010-c8eedc756b5b}.Debug|Any CPU.ActiveCfg = Debug|Any CPU
		{9217bf5d-60fa-b470-1010-c8eedc756b5b}.Debug|Any CPU.Build.0 = Debug|Any CPU
		{2a12c92d-fdf2-e084-637f-11e43fc6b46b}.Debug|Any CPU.ActiveCfg = Debug|Any CPU
		{2a12c92d-fdf2-e084-637f-11e43fc6b46b}.Debug|Any CPU.Build.0 = Debug|Any CPU
		{843137e7-3cf1-2924-d89a-19b07e719980}.Debug|Any CPU.ActiveCfg = Debug|Any CPU
		{843137e7-3cf1-2924-d89a-19b07e719980}.Debug|Any CPU.Build.0 = Debug|Any CPU
		{0a581077-aed0-1fed-7f84-fa1c8178d214}.Debug|Any CPU.ActiveCfg = Debug|Any CPU
		{0a581077-aed0-1fed-7f84-fa1c8178d214}.Debug|Any CPU.Build.0 = Debug|Any CPU
		{b8db195f-6c7d-9288-9665-c825300aea87}.Debug|Any CPU.ActiveCfg = Debug|Any CPU
		{b8db195f-6c7d-9288-9665-c825300aea87}.Debug|Any CPU.Build.0 = Debug|Any CPU
		{26162854-50ac-f68d-64cd-24ff20d92d54}.Debug|Any CPU.ActiveCfg = Debug|Any CPU
		{26162854-50ac-f68d-64cd-24ff20d92d54}.Debug|Any CPU.Build.0 = Debug|Any CPU
		{bc18eb6f-9e18-da02-b5e6-d69736fa3eda}.Debug|Any CPU.ActiveCfg = Debug|Any CPU
		{bc18eb6f-9e18-da02-b5e6-d69736fa3eda}.Debug|Any CPU.Build.0 = Debug|Any CPU
		{39dd701b-2d17-4741-8080-33bc470ae21c}.Debug|Any CPU.ActiveCfg = Debug|Any CPU
		{39dd701b-2d17-4741-8080-33bc470ae21c}.Debug|Any CPU.Build.0 = Debug|Any CPU
		{e35221ed-2603-5689-2b01-a4697f074949}.Debug|Any CPU.ActiveCfg = Debug|Any CPU
		{e35221ed-2603-5689-2b01-a4697f074949}.Debug|Any CPU.Build.0 = Debug|Any CPU
		{0f4677ca-f9c3-937f-7bed-30491b2ce234}.Debug|Any CPU.ActiveCfg = Debug|Any CPU
		{0f4677ca-f9c3-937f-7bed-30491b2ce234}.Debug|Any CPU.Build.0 = Debug|Any CPU
		{b79f3c46-2520-3b51-d702-e2dddb196c64}.Debug|Any CPU.ActiveCfg = Debug|Any CPU
		{b79f3c46-2520-3b51-d702-e2dddb196c64}.Debug|Any CPU.Build.0 = Debug|Any CPU
		{8fb7b1e3-a75b-643a-c8e7-c99a0d757584}.Debug|Any CPU.ActiveCfg = Debug|Any CPU
		{8fb7b1e3-a75b-643a-c8e7-c99a0d757584}.Debug|Any CPU.Build.0 = Debug|Any CPU
		{08eaf0af-f382-3f0c-460c-ad056fb8d08f}.Debug|Any CPU.ActiveCfg = Debug|Any CPU
		{08eaf0af-f382-3f0c-460c-ad056fb8d08f}.Debug|Any CPU.Build.0 = Debug|Any CPU
		{814079a3-4975-b673-c798-e5faac3a4abf}.Debug|Any CPU.ActiveCfg = Debug|Any CPU
		{814079a3-4975-b673-c798-e5faac3a4abf}.Debug|Any CPU.Build.0 = Debug|Any CPU
		{e15e7c3b-0fa1-5e26-d5c0-ea2838280544}.Debug|Any CPU.ActiveCfg = Debug|Any CPU
		{e15e7c3b-0fa1-5e26-d5c0-ea2838280544}.Debug|Any CPU.Build.0 = Debug|Any CPU
		{1e23051e-0796-bf45-ad95-5ef7c3f7c5dc}.Debug|Any CPU.ActiveCfg = Debug|Any CPU
		{1e23051e-0796-bf45-ad95-5ef7c3f7c5dc}.Debug|Any CPU.Build.0 = Debug|Any CPU
		{1ff5af1e-abbf-1ea2-1942-1841cd286840}.Debug|Any CPU.ActiveCfg = Debug|Any CPU
		{1ff5af1e-abbf-1ea2-1942-1841cd286840}.Debug|Any CPU.Build.0 = Debug|Any CPU
		{027e9700-92de-872d-1676-abe7a572bcfb}.Debug|Any CPU.ActiveCfg = Debug|Any CPU
		{027e9700-92de-872d-1676-abe7a572bcfb}.Debug|Any CPU.Build.0 = Debug|Any CPU
		{b317cb7e-5abe-a843-70e1-feaa19965a84}.Debug|Any CPU.ActiveCfg = Debug|Any CPU
		{b317cb7e-5abe-a843-70e1-feaa19965a84}.Debug|Any CPU.Build.0 = Debug|Any CPU
		{2c566ec3-f4c9-66a7-320b-874f4a039d5e}.Debug|Any CPU.ActiveCfg = Debug|Any CPU
		{2c566ec3-f4c9-66a7-320b-874f4a039d5e}.Debug|Any CPU.Build.0 = Debug|Any CPU
		{e5de9976-84fe-01cd-bc8c-f36d027c0a00}.Debug|Any CPU.ActiveCfg = Debug|Any CPU
		{e5de9976-84fe-01cd-bc8c-f36d027c0a00}.Debug|Any CPU.Build.0 = Debug|Any CPU
		{d56e6c28-ba69-f460-d849-05b1983b0dbc}.Debug|Any CPU.ActiveCfg = Debug|Any CPU
		{d56e6c28-ba69-f460-d849-05b1983b0dbc}.Debug|Any CPU.Build.0 = Debug|Any CPU
		{30951db8-871c-7c12-5423-bb721f0be568}.Debug|Any CPU.ActiveCfg = Debug|Any CPU
		{30951db8-871c-7c12-5423-bb721f0be568}.Debug|Any CPU.Build.0 = Debug|Any CPU
		{0aed8217-2b61-a945-57fa-99a0e2d08a43}.Debug|Any CPU.ActiveCfg = Debug|Any CPU
		{0aed8217-2b61-a945-57fa-99a0e2d08a43}.Debug|Any CPU.Build.0 = Debug|Any CPU
		{1d419e43-9056-0dfb-c8fa-66f08d0fdc92}.Debug|Any CPU.ActiveCfg = Debug|Any CPU
		{1d419e43-9056-0dfb-c8fa-66f08d0fdc92}.Debug|Any CPU.Build.0 = Debug|Any CPU
		{be8af140-13fa-82b8-98fb-0b80af749373}.Debug|Any CPU.ActiveCfg = Debug|Any CPU
		{be8af140-13fa-82b8-98fb-0b80af749373}.Debug|Any CPU.Build.0 = Debug|Any CPU
		{7ce0a019-acc7-aefa-a8e1-8941ac51cf34}.Debug|Any CPU.ActiveCfg = Debug|Any CPU
		{7ce0a019-acc7-aefa-a8e1-8941ac51cf34}.Debug|Any CPU.Build.0 = Debug|Any CPU
		{22ccac8f-4c0e-959b-ab34-1717c5ec82e3}.Debug|Any CPU.ActiveCfg = Debug|Any CPU
		{22ccac8f-4c0e-959b-ab34-1717c5ec82e3}.Debug|Any CPU.Build.0 = Debug|Any CPU
		{b66ad950-1d3a-740e-50cd-18b0ed29b33d}.Debug|Any CPU.ActiveCfg = Debug|Any CPU
		{b66ad950-1d3a-740e-50cd-18b0ed29b33d}.Debug|Any CPU.Build.0 = Debug|Any CPU
		{a86a6c9e-956a-6d80-b7bc-a807c2eea77b}.Debug|Any CPU.ActiveCfg = Debug|Any CPU
		{a86a6c9e-956a-6d80-b7bc-a807c2eea77b}.Debug|Any CPU.Build.0 = Debug|Any CPU
		{5688d68c-2a5a-b5bd-03dd-865ca2d7478d}.Debug|Any CPU.ActiveCfg = Debug|Any CPU
		{5688d68c-2a5a-b5bd-03dd-865ca2d7478d}.Debug|Any CPU.Build.0 = Debug|Any CPU
		{74664477-2f57-30b1-cfaf-0764187e6db7}.Debug|Any CPU.ActiveCfg = Debug|Any CPU
		{74664477-2f57-30b1-cfaf-0764187e6db7}.Debug|Any CPU.Build.0 = Debug|Any CPU
		{a849cec0-65f4-f8ee-8315-2453f8ff2543}.Debug|Any CPU.ActiveCfg = Debug|Any CPU
		{a849cec0-65f4-f8ee-8315-2453f8ff2543}.Debug|Any CPU.Build.0 = Debug|Any CPU
		{f146e675-6edd-40e0-c221-9277bea9bcb2}.Debug|Any CPU.ActiveCfg = Debug|Any CPU
		{f146e675-6edd-40e0-c221-9277bea9bcb2}.Debug|Any CPU.Build.0 = Debug|Any CPU
		{dd92228e-f68f-3478-ff45-a33263f78fd1}.Debug|Any CPU.ActiveCfg = Debug|Any CPU
		{dd92228e-f68f-3478-ff45-a33263f78fd1}.Debug|Any CPU.Build.0 = Debug|Any CPU
		{7c8ed85f-e67a-5fbd-d91a-ac7d7d0bf635}.Debug|Any CPU.ActiveCfg = Debug|Any CPU
		{7c8ed85f-e67a-5fbd-d91a-ac7d7d0bf635}.Debug|Any CPU.Build.0 = Debug|Any CPU
		{47318965-419e-337e-8aec-9fb768b62baa}.Debug|Any CPU.ActiveCfg = Debug|Any CPU
		{47318965-419e-337e-8aec-9fb768b62baa}.Debug|Any CPU.Build.0 = Debug|Any CPU
		{993262f5-85bf-fe29-3254-e753541ba1d3}.Debug|Any CPU.ActiveCfg = Debug|Any CPU
		{993262f5-85bf-fe29-3254-e753541ba1d3}.Debug|Any CPU.Build.0 = Debug|Any CPU
		{c92b0e11-8ba8-b366-e7ea-ae3e2447c2d5}.Debug|Any CPU.ActiveCfg = Debug|Any CPU
		{c92b0e11-8ba8-b366-e7ea-ae3e2447c2d5}.Debug|Any CPU.Build.0 = Debug|Any CPU
		{a5afbc9a-b1a9-3840-1b50-84dfbe23f0ec}.Debug|Any CPU.ActiveCfg = Debug|Any CPU
		{a5afbc9a-b1a9-3840-1b50-84dfbe23f0ec}.Debug|Any CPU.Build.0 = Debug|Any CPU
		{0c282acd-774c-f31d-6866-120c8469ffc4}.Debug|Any CPU.ActiveCfg = Debug|Any CPU
		{0c282acd-774c-f31d-6866-120c8469ffc4}.Debug|Any CPU.Build.0 = Debug|Any CPU
		{904c0318-98f7-c2ff-8f87-6e30de6e3170}.Debug|Any CPU.ActiveCfg = Debug|Any CPU
		{904c0318-98f7-c2ff-8f87-6e30de6e3170}.Debug|Any CPU.Build.0 = Debug|Any CPU
		{cbb0df4a-7028-a15b-2aa0-025563c09b12}.Debug|Any CPU.ActiveCfg = Debug|Any CPU
		{cbb0df4a-7028-a15b-2aa0-025563c09b12}.Debug|Any CPU.Build.0 = Debug|Any CPU
		{0a9eca13-aa97-9e24-69a8-9542bbd5e970}.Debug|Any CPU.ActiveCfg = Debug|Any CPU
		{0a9eca13-aa97-9e24-69a8-9542bbd5e970}.Debug|Any CPU.Build.0 = Debug|Any CPU
		{ba419725-d272-a7b2-5bda-75794ec11566}.Debug|Any CPU.ActiveCfg = Debug|Any CPU
		{ba419725-d272-a7b2-5bda-75794ec11566}.Debug|Any CPU.Build.0 = Debug|Any CPU
		{7135384b-363b-205e-7fec-517712932e0f}.Debug|Any CPU.ActiveCfg = Debug|Any CPU
		{7135384b-363b-205e-7fec-517712932e0f}.Debug|Any CPU.Build.0 = Debug|Any CPU
		{66cf2ad2-c201-02d9-cfce-5ed3ccf78b76}.Debug|Any CPU.ActiveCfg = Debug|Any CPU
		{66cf2ad2-c201-02d9-cfce-5ed3ccf78b76}.Debug|Any CPU.Build.0 = Debug|Any CPU
		{1f86738c-86b4-bf10-a4bc-97a76c9e36f9}.Debug|Any CPU.ActiveCfg = Debug|Any CPU
		{1f86738c-86b4-bf10-a4bc-97a76c9e36f9}.Debug|Any CPU.Build.0 = Debug|Any CPU
		{6cdab912-36b8-c296-4c6f-15d8d895b268}.Debug|Any CPU.ActiveCfg = Debug|Any CPU
		{6cdab912-36b8-c296-4c6f-15d8d895b268}.Debug|Any CPU.Build.0 = Debug|Any CPU
		{e3cf6598-a196-5bfe-097e-d068a1ef0836}.Debug|Any CPU.ActiveCfg = Debug|Any CPU
		{e3cf6598-a196-5bfe-097e-d068a1ef0836}.Debug|Any CPU.Build.0 = Debug|Any CPU
		{0e66b5c3-0bf6-30a0-bdec-0bd2b44f231b}.Debug|Any CPU.ActiveCfg = Debug|Any CPU
		{0e66b5c3-0bf6-30a0-bdec-0bd2b44f231b}.Debug|Any CPU.Build.0 = Debug|Any CPU
		{12b21576-3158-beee-b14e-be79c9183f9d}.Debug|Any CPU.ActiveCfg = Debug|Any CPU
		{12b21576-3158-beee-b14e-be79c9183f9d}.Debug|Any CPU.Build.0 = Debug|Any CPU
		{98f52d37-e823-3018-b7f6-234d427e78f1}.Debug|Any CPU.ActiveCfg = Debug|Any CPU
		{98f52d37-e823-3018-b7f6-234d427e78f1}.Debug|Any CPU.Build.0 = Debug|Any CPU
		{dce1fb22-9df7-e580-2933-95f1c2bca005}.Debug|Any CPU.ActiveCfg = Debug|Any CPU
		{dce1fb22-9df7-e580-2933-95f1c2bca005}.Debug|Any CPU.Build.0 = Debug|Any CPU
		{bc304fb3-b7f5-d679-671f-0b2c7b4708ba}.Debug|Any CPU.ActiveCfg = Debug|Any CPU
		{bc304fb3-b7f5-d679-671f-0b2c7b4708ba}.Debug|Any CPU.Build.0 = Debug|Any CPU
		{4b738154-fc4e-8855-5a77-c4d99dfcb212}.Debug|Any CPU.ActiveCfg = Debug|Any CPU
		{4b738154-fc4e-8855-5a77-c4d99dfcb212}.Debug|Any CPU.Build.0 = Debug|Any CPU
	EndGlobalSection
	GlobalSection(SolutionProperties) = preSolution
		HideSolutionNode = FALSE
	EndGlobalSection
EndGlobal
